
Microsoft Visual Studio Solution File, Format Version 12.00
# Visual Studio Version 17
VisualStudioVersion = 17.7.34024.191
MinimumVisualStudioVersion = 10.0.40219.1
Project("{9A19103F-16F7-4668-BE54-9A1E7A4F7556}") = "PZ_01", "PZ_01\PZ_01.csproj", "{FC16CF41-0D32-4BF4-8008-422EEE9CA905}"
EndProject
Project("{9A19103F-16F7-4668-BE54-9A1E7A4F7556}") = "PZ_02", "PZ_02\PZ_02.csproj", "{96EF55FF-965E-4F00-A918-6C4CF8AFB203}"
EndProject
Project("{9A19103F-16F7-4668-BE54-9A1E7A4F7556}") = "PZ_03", "PZ_03\PZ_03.csproj", "{976DB931-1D29-4EB9-801A-14B41BD2BAD5}"
EndProject
Project("{9A19103F-16F7-4668-BE54-9A1E7A4F7556}") = "PZ_04", "PZ_04\PZ_04.csproj", "{414B48AB-7F17-4B9E-954A-4BBB3827BF11}"
EndProject
Project("{9A19103F-16F7-4668-BE54-9A1E7A4F7556}") = "PZ_06", "PZ_06\PZ_06.csproj", "{497848CC-6106-4257-ACFD-4C4387548917}"
EndProject
Project("{9A19103F-16F7-4668-BE54-9A1E7A4F7556}") = "PZ_07", "PZ_07\PZ_07.csproj", "{6955AB12-6887-4ECC-ACC1-162591E5577C}"
EndProject
Project("{9A19103F-16F7-4668-BE54-9A1E7A4F7556}") = "PZ_08", "PZ_08\PZ_08.csproj", "{4D9F2309-C037-4BB3-B44B-09F84ABEA88A}"
EndProject
Project("{FAE04EC0-301F-11D3-BF4B-00C04F79EFBC}") = "PZ_09", "PZ_09\PZ_09.csproj", "{10ADF616-D18D-4D3F-AD24-000F020FE780}"
EndProject
Project("{FAE04EC0-301F-11D3-BF4B-00C04F79EFBC}") = "PZ_10", "PZ_10\PZ_10.csproj", "{832F960F-A51C-44DB-A848-C68FE4AA2A8D}"
EndProject
Global
	GlobalSection(SolutionConfigurationPlatforms) = preSolution
		Debug|Any CPU = Debug|Any CPU
		Release|Any CPU = Release|Any CPU
	EndGlobalSection
	GlobalSection(ProjectConfigurationPlatforms) = postSolution
		{FC16CF41-0D32-4BF4-8008-422EEE9CA905}.Debug|Any CPU.ActiveCfg = Debug|Any CPU
		{FC16CF41-0D32-4BF4-8008-422EEE9CA905}.Debug|Any CPU.Build.0 = Debug|Any CPU
		{FC16CF41-0D32-4BF4-8008-422EEE9CA905}.Release|Any CPU.ActiveCfg = Release|Any CPU
		{FC16CF41-0D32-4BF4-8008-422EEE9CA905}.Release|Any CPU.Build.0 = Release|Any CPU
		{96EF55FF-965E-4F00-A918-6C4CF8AFB203}.Debug|Any CPU.ActiveCfg = Debug|Any CPU
		{96EF55FF-965E-4F00-A918-6C4CF8AFB203}.Debug|Any CPU.Build.0 = Debug|Any CPU
		{96EF55FF-965E-4F00-A918-6C4CF8AFB203}.Release|Any CPU.ActiveCfg = Release|Any CPU
		{96EF55FF-965E-4F00-A918-6C4CF8AFB203}.Release|Any CPU.Build.0 = Release|Any CPU
		{976DB931-1D29-4EB9-801A-14B41BD2BAD5}.Debug|Any CPU.ActiveCfg = Debug|Any CPU
		{976DB931-1D29-4EB9-801A-14B41BD2BAD5}.Debug|Any CPU.Build.0 = Debug|Any CPU
		{976DB931-1D29-4EB9-801A-14B41BD2BAD5}.Release|Any CPU.ActiveCfg = Release|Any CPU
		{976DB931-1D29-4EB9-801A-14B41BD2BAD5}.Release|Any CPU.Build.0 = Release|Any CPU
		{414B48AB-7F17-4B9E-954A-4BBB3827BF11}.Debug|Any CPU.ActiveCfg = Debug|Any CPU
		{414B48AB-7F17-4B9E-954A-4BBB3827BF11}.Debug|Any CPU.Build.0 = Debug|Any CPU
		{414B48AB-7F17-4B9E-954A-4BBB3827BF11}.Release|Any CPU.ActiveCfg = Release|Any CPU
		{414B48AB-7F17-4B9E-954A-4BBB3827BF11}.Release|Any CPU.Build.0 = Release|Any CPU
		{497848CC-6106-4257-ACFD-4C4387548917}.Debug|Any CPU.ActiveCfg = Debug|Any CPU
		{497848CC-6106-4257-ACFD-4C4387548917}.Debug|Any CPU.Build.0 = Debug|Any CPU
		{497848CC-6106-4257-ACFD-4C4387548917}.Release|Any CPU.ActiveCfg = Release|Any CPU
		{497848CC-6106-4257-ACFD-4C4387548917}.Release|Any CPU.Build.0 = Release|Any CPU
		{6955AB12-6887-4ECC-ACC1-162591E5577C}.Debug|Any CPU.ActiveCfg = Debug|Any CPU
		{6955AB12-6887-4ECC-ACC1-162591E5577C}.Debug|Any CPU.Build.0 = Debug|Any CPU
		{6955AB12-6887-4ECC-ACC1-162591E5577C}.Release|Any CPU.ActiveCfg = Release|Any CPU
		{6955AB12-6887-4ECC-ACC1-162591E5577C}.Release|Any CPU.Build.0 = Release|Any CPU
		{4D9F2309-C037-4BB3-B44B-09F84ABEA88A}.Debug|Any CPU.ActiveCfg = Debug|Any CPU
		{4D9F2309-C037-4BB3-B44B-09F84ABEA88A}.Debug|Any CPU.Build.0 = Debug|Any CPU
		{4D9F2309-C037-4BB3-B44B-09F84ABEA88A}.Release|Any CPU.ActiveCfg = Release|Any CPU
		{4D9F2309-C037-4BB3-B44B-09F84ABEA88A}.Release|Any CPU.Build.0 = Release|Any CPU
		{10ADF616-D18D-4D3F-AD24-000F020FE780}.Debug|Any CPU.ActiveCfg = Debug|Any CPU
		{10ADF616-D18D-4D3F-AD24-000F020FE780}.Debug|Any CPU.Build.0 = Debug|Any CPU
		{10ADF616-D18D-4D3F-AD24-000F020FE780}.Release|Any CPU.ActiveCfg = Release|Any CPU
		{10ADF616-D18D-4D3F-AD24-000F020FE780}.Release|Any CPU.Build.0 = Release|Any CPU
		{832F960F-A51C-44DB-A848-C68FE4AA2A8D}.Debug|Any CPU.ActiveCfg = Debug|Any CPU
		{832F960F-A51C-44DB-A848-C68FE4AA2A8D}.Debug|Any CPU.Build.0 = Debug|Any CPU
		{832F960F-A51C-44DB-A848-C68FE4AA2A8D}.Release|Any CPU.ActiveCfg = Release|Any CPU
		{832F960F-A51C-44DB-A848-C68FE4AA2A8D}.Release|Any CPU.Build.0 = Release|Any CPU
	EndGlobalSection
	GlobalSection(SolutionProperties) = preSolution
		HideSolutionNode = FALSE
	EndGlobalSection
	GlobalSection(ExtensibilityGlobals) = postSolution
		SolutionGuid = {510783D6-2E18-4AD3-9625-6BA792D346EC}
	EndGlobalSection
EndGlobal
