
Microsoft Visual Studio Solution File, Format Version 12.00
# Visual Studio Version 17
VisualStudioVersion = 17.7.34024.191
MinimumVisualStudioVersion = 10.0.40219.1
Project("{FAE04EC0-301F-11D3-BF4B-00C04F79EFBC}") = "PZ_01", "PZ_01\PZ_01.csproj", "{FC16CF41-0D32-4BF4-8008-422EEE9CA905}"
EndProject
Global
	GlobalSection(SolutionConfigurationPlatforms) = preSolution
		Debug|Any CPU = Debug|Any CPU
		Release|Any CPU = Release|Any CPU
	EndGlobalSection
	GlobalSection(ProjectConfigurationPlatforms) = postSolution
		{FC16CF41-0D32-4BF4-8008-422EEE9CA905}.Debug|Any CPU.ActiveCfg = Debug|Any CPU
		{FC16CF41-0D32-4BF4-8008-422EEE9CA905}.Debug|Any CPU.Build.0 = Debug|Any CPU
		{FC16CF41-0D32-4BF4-8008-422EEE9CA905}.Release|Any CPU.ActiveCfg = Release|Any CPU
		{FC16CF41-0D32-4BF4-8008-422EEE9CA905}.Release|Any CPU.Build.0 = Release|Any CPU
	EndGlobalSection
	GlobalSection(SolutionProperties) = preSolution
		HideSolutionNode = FALSE
	EndGlobalSection
	GlobalSection(ExtensibilityGlobals) = postSolution
		SolutionGuid = {510783D6-2E18-4AD3-9625-6BA792D346EC}
	EndGlobalSection
EndGlobal
